# This file is automatically @generated by Cargo.
# It is not intended for manual editing.
[[package]]
name = "array-macro"
version = "2.0.0"
source = "registry+https://github.com/rust-lang/crates.io-index"
checksum = "971f4e6bd8c03058ca7562baf83b44396dbcc65476eba33071700cdc24e9c5eb"

[[package]]
name = "bit_field"
version = "0.10.0"
source = "registry+https://github.com/rust-lang/crates.io-index"
checksum = "a165d606cf084741d4ac3a28fb6e9b1eb0bd31f6cd999098cfddb0b2ab381dc0"

[[package]]
name = "bitflags"
version = "1.2.1"
source = "registry+https://github.com/rust-lang/crates.io-index"
checksum = "cf1de2fe8c75bc145a2f577add951f8134889b4795d47466a54a5c846d691693"

[[package]]
name = "xv6-riscv-rust"
version = "0.1.0"
dependencies = [
 "array-macro",
 "bit_field",
 "bitflags",
]
